
Microsoft Visual Studio Solution File, Format Version 12.00
# Visual Studio Version 18
VisualStudioVersion = 18.6.11806.211
MinimumVisualStudioVersion = 10.0.40219.1
Project("{2150E333-8FDC-42A3-9474-1A3956D46DE8}") = "src", "src", "{CA9AC87F-097E-4F15-8393-4BC07735A5B0}"
EndProject
Project("{FAE04EC0-301F-11D3-BF4B-00C04F79EFBC}") = "Apartio.Application", "src\Apartio.Application\Apartio.Application.csproj", "{81BA948D-5730-15D9-B0AE-A462134E7D22}"
EndProject
Project("{FAE04EC0-301F-11D3-BF4B-00C04F79EFBC}") = "Apartio.Application.Contracts", "src\Apartio.Application.Contracts\Apartio.Application.Contracts.csproj", "{FD9EF467-89CC-8C14-6E88-6C0FE84F719E}"
EndProject
Project("{FAE04EC0-301F-11D3-BF4B-00C04F79EFBC}") = "Apartio.DbMigrator", "src\Apartio.DbMigrator\Apartio.DbMigrator.csproj", "{EF2B7CC6-B1BC-1639-DAD6-9CCD586E0E4B}"
EndProject
Project("{FAE04EC0-301F-11D3-BF4B-00C04F79EFBC}") = "Apartio.Domain", "src\Apartio.Domain\Apartio.Domain.csproj", "{FB7393B5-481F-106E-D46A-B1731FDC6E7E}"
EndProject
Project("{FAE04EC0-301F-11D3-BF4B-00C04F79EFBC}") = "Apartio.Domain.Shared", "src\Apartio.Domain.Shared\Apartio.Domain.Shared.csproj", "{3A404FB4-D7B5-E31A-8FAF-A6C192EEBE80}"
EndProject
Project("{FAE04EC0-301F-11D3-BF4B-00C04F79EFBC}") = "Apartio.EntityFrameworkCore", "src\Apartio.EntityFrameworkCore\Apartio.EntityFrameworkCore.csproj", "{7DA43A2C-4011-4208-6449-3A51D00EB70E}"
EndProject
Project("{FAE04EC0-301F-11D3-BF4B-00C04F79EFBC}") = "Apartio.HttpApi", "src\Apartio.HttpApi\Apartio.HttpApi.csproj", "{8106FBBE-D65C-4042-B6EB-1400C0C83D65}"
EndProject
Project("{FAE04EC0-301F-11D3-BF4B-00C04F79EFBC}") = "Apartio.HttpApi.Client", "src\Apartio.HttpApi.Client\Apartio.HttpApi.Client.csproj", "{FB566FC5-0BCB-F4BB-4B9A-D46EBEE5A918}"
EndProject
Project("{FAE04EC0-301F-11D3-BF4B-00C04F79EFBC}") = "Apartio.HttpApi.Host", "src\Apartio.HttpApi.Host\Apartio.HttpApi.Host.csproj", "{EC9D41B3-DC65-F21F-9587-66913251FB18}"
EndProject
Global
	GlobalSection(SolutionConfigurationPlatforms) = preSolution
		Debug|Any CPU = Debug|Any CPU
		Logo|Any CPU = Logo|Any CPU
		Mikro|Any CPU = Mikro|Any CPU
		Release|Any CPU = Release|Any CPU
	EndGlobalSection
	GlobalSection(ProjectConfigurationPlatforms) = postSolution
		{81BA948D-5730-15D9-B0AE-A462134E7D22}.Debug|Any CPU.ActiveCfg = Debug|Any CPU
		{81BA948D-5730-15D9-B0AE-A462134E7D22}.Debug|Any CPU.Build.0 = Debug|Any CPU
		{81BA948D-5730-15D9-B0AE-A462134E7D22}.Logo|Any CPU.ActiveCfg = Logo|Any CPU
		{81BA948D-5730-15D9-B0AE-A462134E7D22}.Logo|Any CPU.Build.0 = Logo|Any CPU
		{81BA948D-5730-15D9-B0AE-A462134E7D22}.Mikro|Any CPU.ActiveCfg = Mikro|Any CPU
		{81BA948D-5730-15D9-B0AE-A462134E7D22}.Mikro|Any CPU.Build.0 = Mikro|Any CPU
		{81BA948D-5730-15D9-B0AE-A462134E7D22}.Release|Any CPU.ActiveCfg = Release|Any CPU
		{81BA948D-5730-15D9-B0AE-A462134E7D22}.Release|Any CPU.Build.0 = Release|Any CPU
		{FD9EF467-89CC-8C14-6E88-6C0FE84F719E}.Debug|Any CPU.ActiveCfg = Debug|Any CPU
		{FD9EF467-89CC-8C14-6E88-6C0FE84F719E}.Debug|Any CPU.Build.0 = Debug|Any CPU
		{FD9EF467-89CC-8C14-6E88-6C0FE84F719E}.Logo|Any CPU.ActiveCfg = Logo|Any CPU
		{FD9EF467-89CC-8C14-6E88-6C0FE84F719E}.Logo|Any CPU.Build.0 = Logo|Any CPU
		{FD9EF467-89CC-8C14-6E88-6C0FE84F719E}.Mikro|Any CPU.ActiveCfg = Mikro|Any CPU
		{FD9EF467-89CC-8C14-6E88-6C0FE84F719E}.Mikro|Any CPU.Build.0 = Mikro|Any CPU
		{FD9EF467-89CC-8C14-6E88-6C0FE84F719E}.Release|Any CPU.ActiveCfg = Release|Any CPU
		{FD9EF467-89CC-8C14-6E88-6C0FE84F719E}.Release|Any CPU.Build.0 = Release|Any CPU
		{EF2B7CC6-B1BC-1639-DAD6-9CCD586E0E4B}.Debug|Any CPU.ActiveCfg = Debug|Any CPU
		{EF2B7CC6-B1BC-1639-DAD6-9CCD586E0E4B}.Debug|Any CPU.Build.0 = Debug|Any CPU
		{EF2B7CC6-B1BC-1639-DAD6-9CCD586E0E4B}.Logo|Any CPU.ActiveCfg = Logo|Any CPU
		{EF2B7CC6-B1BC-1639-DAD6-9CCD586E0E4B}.Logo|Any CPU.Build.0 = Logo|Any CPU
		{EF2B7CC6-B1BC-1639-DAD6-9CCD586E0E4B}.Mikro|Any CPU.ActiveCfg = Mikro|Any CPU
		{EF2B7CC6-B1BC-1639-DAD6-9CCD586E0E4B}.Mikro|Any CPU.Build.0 = Mikro|Any CPU
		{EF2B7CC6-B1BC-1639-DAD6-9CCD586E0E4B}.Release|Any CPU.ActiveCfg = Release|Any CPU
		{EF2B7CC6-B1BC-1639-DAD6-9CCD586E0E4B}.Release|Any CPU.Build.0 = Release|Any CPU
		{FB7393B5-481F-106E-D46A-B1731FDC6E7E}.Debug|Any CPU.ActiveCfg = Debug|Any CPU
		{FB7393B5-481F-106E-D46A-B1731FDC6E7E}.Debug|Any CPU.Build.0 = Debug|Any CPU
		{FB7393B5-481F-106E-D46A-B1731FDC6E7E}.Logo|Any CPU.ActiveCfg = Logo|Any CPU
		{FB7393B5-481F-106E-D46A-B1731FDC6E7E}.Logo|Any CPU.Build.0 = Logo|Any CPU
		{FB7393B5-481F-106E-D46A-B1731FDC6E7E}.Mikro|Any CPU.ActiveCfg = Mikro|Any CPU
		{FB7393B5-481F-106E-D46A-B1731FDC6E7E}.Mikro|Any CPU.Build.0 = Mikro|Any CPU
		{FB7393B5-481F-106E-D46A-B1731FDC6E7E}.Release|Any CPU.ActiveCfg = Release|Any CPU
		{FB7393B5-481F-106E-D46A-B1731FDC6E7E}.Release|Any CPU.Build.0 = Release|Any CPU
		{3A404FB4-D7B5-E31A-8FAF-A6C192EEBE80}.Debug|Any CPU.ActiveCfg = Debug|Any CPU
		{3A404FB4-D7B5-E31A-8FAF-A6C192EEBE80}.Debug|Any CPU.Build.0 = Debug|Any CPU
		{3A404FB4-D7B5-E31A-8FAF-A6C192EEBE80}.Logo|Any CPU.ActiveCfg = Logo|Any CPU
		{3A404FB4-D7B5-E31A-8FAF-A6C192EEBE80}.Logo|Any CPU.Build.0 = Logo|Any CPU
		{3A404FB4-D7B5-E31A-8FAF-A6C192EEBE80}.Mikro|Any CPU.ActiveCfg = Mikro|Any CPU
		{3A404FB4-D7B5-E31A-8FAF-A6C192EEBE80}.Mikro|Any CPU.Build.0 = Mikro|Any CPU
		{3A404FB4-D7B5-E31A-8FAF-A6C192EEBE80}.Release|Any CPU.ActiveCfg = Release|Any CPU
		{3A404FB4-D7B5-E31A-8FAF-A6C192EEBE80}.Release|Any CPU.Build.0 = Release|Any CPU
		{7DA43A2C-4011-4208-6449-3A51D00EB70E}.Debug|Any CPU.ActiveCfg = Debug|Any CPU
		{7DA43A2C-4011-4208-6449-3A51D00EB70E}.Debug|Any CPU.Build.0 = Debug|Any CPU
		{7DA43A2C-4011-4208-6449-3A51D00EB70E}.Logo|Any CPU.ActiveCfg = Logo|Any CPU
		{7DA43A2C-4011-4208-6449-3A51D00EB70E}.Logo|Any CPU.Build.0 = Logo|Any CPU
		{7DA43A2C-4011-4208-6449-3A51D00EB70E}.Mikro|Any CPU.ActiveCfg = Mikro|Any CPU
		{7DA43A2C-4011-4208-6449-3A51D00EB70E}.Mikro|Any CPU.Build.0 = Mikro|Any CPU
		{7DA43A2C-4011-4208-6449-3A51D00EB70E}.Release|Any CPU.ActiveCfg = Release|Any CPU
		{7DA43A2C-4011-4208-6449-3A51D00EB70E}.Release|Any CPU.Build.0 = Release|Any CPU
		{8106FBBE-D65C-4042-B6EB-1400C0C83D65}.Debug|Any CPU.ActiveCfg = Debug|Any CPU
		{8106FBBE-D65C-4042-B6EB-1400C0C83D65}.Debug|Any CPU.Build.0 = Debug|Any CPU
		{8106FBBE-D65C-4042-B6EB-1400C0C83D65}.Logo|Any CPU.ActiveCfg = Logo|Any CPU
		{8106FBBE-D65C-4042-B6EB-1400C0C83D65}.Logo|Any CPU.Build.0 = Logo|Any CPU
		{8106FBBE-D65C-4042-B6EB-1400C0C83D65}.Mikro|Any CPU.ActiveCfg = Mikro|Any CPU
		{8106FBBE-D65C-4042-B6EB-1400C0C83D65}.Mikro|Any CPU.Build.0 = Mikro|Any CPU
		{8106FBBE-D65C-4042-B6EB-1400C0C83D65}.Release|Any CPU.ActiveCfg = Release|Any CPU
		{8106FBBE-D65C-4042-B6EB-1400C0C83D65}.Release|Any CPU.Build.0 = Release|Any CPU
		{FB566FC5-0BCB-F4BB-4B9A-D46EBEE5A918}.Debug|Any CPU.ActiveCfg = Debug|Any CPU
		{FB566FC5-0BCB-F4BB-4B9A-D46EBEE5A918}.Debug|Any CPU.Build.0 = Debug|Any CPU
		{FB566FC5-0BCB-F4BB-4B9A-D46EBEE5A918}.Logo|Any CPU.ActiveCfg = Logo|Any CPU
		{FB566FC5-0BCB-F4BB-4B9A-D46EBEE5A918}.Logo|Any CPU.Build.0 = Logo|Any CPU
		{FB566FC5-0BCB-F4BB-4B9A-D46EBEE5A918}.Mikro|Any CPU.ActiveCfg = Mikro|Any CPU
		{FB566FC5-0BCB-F4BB-4B9A-D46EBEE5A918}.Mikro|Any CPU.Build.0 = Mikro|Any CPU
		{FB566FC5-0BCB-F4BB-4B9A-D46EBEE5A918}.Release|Any CPU.ActiveCfg = Release|Any CPU
		{FB566FC5-0BCB-F4BB-4B9A-D46EBEE5A918}.Release|Any CPU.Build.0 = Release|Any CPU
		{EC9D41B3-DC65-F21F-9587-66913251FB18}.Debug|Any CPU.ActiveCfg = Debug|Any CPU
		{EC9D41B3-DC65-F21F-9587-66913251FB18}.Debug|Any CPU.Build.0 = Debug|Any CPU
		{EC9D41B3-DC65-F21F-9587-66913251FB18}.Logo|Any CPU.ActiveCfg = Logo|Any CPU
		{EC9D41B3-DC65-F21F-9587-66913251FB18}.Logo|Any CPU.Build.0 = Logo|Any CPU
		{EC9D41B3-DC65-F21F-9587-66913251FB18}.Mikro|Any CPU.ActiveCfg = Mikro|Any CPU
		{EC9D41B3-DC65-F21F-9587-66913251FB18}.Mikro|Any CPU.Build.0 = Mikro|Any CPU
		{EC9D41B3-DC65-F21F-9587-66913251FB18}.Release|Any CPU.ActiveCfg = Release|Any CPU
		{EC9D41B3-DC65-F21F-9587-66913251FB18}.Release|Any CPU.Build.0 = Release|Any CPU
	EndGlobalSection
	GlobalSection(SolutionProperties) = preSolution
		HideSolutionNode = FALSE
	EndGlobalSection
	GlobalSection(NestedProjects) = preSolution
		{81BA948D-5730-15D9-B0AE-A462134E7D22} = {CA9AC87F-097E-4F15-8393-4BC07735A5B0}
		{FD9EF467-89CC-8C14-6E88-6C0FE84F719E} = {CA9AC87F-097E-4F15-8393-4BC07735A5B0}
		{EF2B7CC6-B1BC-1639-DAD6-9CCD586E0E4B} = {CA9AC87F-097E-4F15-8393-4BC07735A5B0}
		{FB7393B5-481F-106E-D46A-B1731FDC6E7E} = {CA9AC87F-097E-4F15-8393-4BC07735A5B0}
		{3A404FB4-D7B5-E31A-8FAF-A6C192EEBE80} = {CA9AC87F-097E-4F15-8393-4BC07735A5B0}
		{7DA43A2C-4011-4208-6449-3A51D00EB70E} = {CA9AC87F-097E-4F15-8393-4BC07735A5B0}
		{8106FBBE-D65C-4042-B6EB-1400C0C83D65} = {CA9AC87F-097E-4F15-8393-4BC07735A5B0}
		{FB566FC5-0BCB-F4BB-4B9A-D46EBEE5A918} = {CA9AC87F-097E-4F15-8393-4BC07735A5B0}
		{EC9D41B3-DC65-F21F-9587-66913251FB18} = {CA9AC87F-097E-4F15-8393-4BC07735A5B0}
	EndGlobalSection
	GlobalSection(ExtensibilityGlobals) = postSolution
		SolutionGuid = {28315BFD-90E7-4E14-A2EA-F3D23AF4126F}
	EndGlobalSection
EndGlobal
